
Microsoft Visual Studio Solution File, Format Version 12.00
# Visual Studio Version 16
VisualStudioVersion = 16.0.30128.74
MinimumVisualStudioVersion = 10.0.40219.1
Project("{FAE04EC0-301F-11D3-BF4B-00C04F79EFBC}") = "MusicPlaylist", "MusicPlaylist\MusicPlaylist.csproj", "{138B3E2E-AA7D-4476-8EFF-57B495034C3A}"
EndProject
Global
	GlobalSection(SolutionConfigurationPlatforms) = preSolution
		Debug|Any CPU = Debug|Any CPU
		Release|Any CPU = Release|Any CPU
	EndGlobalSection
	GlobalSection(ProjectConfigurationPlatforms) = postSolution
		{138B3E2E-AA7D-4476-8EFF-57B495034C3A}.Debug|Any CPU.ActiveCfg = Debug|Any CPU
		{138B3E2E-AA7D-4476-8EFF-57B495034C3A}.Debug|Any CPU.Build.0 = Debug|Any CPU
		{138B3E2E-AA7D-4476-8EFF-57B495034C3A}.Release|Any CPU.ActiveCfg = Release|Any CPU
		{138B3E2E-AA7D-4476-8EFF-57B495034C3A}.Release|Any CPU.Build.0 = Release|Any CPU
	EndGlobalSection
	GlobalSection(SolutionProperties) = preSolution
		HideSolutionNode = FALSE
	EndGlobalSection
	GlobalSection(ExtensibilityGlobals) = postSolution
		SolutionGuid = {742D97B6-59C7-4AB7-9D3D-EB8200FE0F7D}
	EndGlobalSection
EndGlobal
